
Microsoft Visual Studio Solution File, Format Version 12.00
# Visual Studio 15
VisualStudioVersion = 15.0.28307.645
MinimumVisualStudioVersion = 10.0.40219.1
Project("{FAE04EC0-301F-11D3-BF4B-00C04F79EFBC}") = "Entidades", "Entidades\Entidades.csproj", "{9B811AA3-A5FA-4637-8C33-A4E2DCBF8C60}"
EndProject
Project("{FAE04EC0-301F-11D3-BF4B-00C04F79EFBC}") = "MiCalculadora", "MiCalculadora\MiCalculadora.csproj", "{BB683A51-16D1-4455-A00E-B06EA7E9C39B}"
EndProject
Global
	GlobalSection(SolutionConfigurationPlatforms) = preSolution
		Debug|Any CPU = Debug|Any CPU
		Release|Any CPU = Release|Any CPU
	EndGlobalSection
	GlobalSection(ProjectConfigurationPlatforms) = postSolution
		{9B811AA3-A5FA-4637-8C33-A4E2DCBF8C60}.Debug|Any CPU.ActiveCfg = Debug|Any CPU
		{9B811AA3-A5FA-4637-8C33-A4E2DCBF8C60}.Debug|Any CPU.Build.0 = Debug|Any CPU
		{9B811AA3-A5FA-4637-8C33-A4E2DCBF8C60}.Release|Any CPU.ActiveCfg = Release|Any CPU
		{9B811AA3-A5FA-4637-8C33-A4E2DCBF8C60}.Release|Any CPU.Build.0 = Release|Any CPU
		{BB683A51-16D1-4455-A00E-B06EA7E9C39B}.Debug|Any CPU.ActiveCfg = Debug|Any CPU
		{BB683A51-16D1-4455-A00E-B06EA7E9C39B}.Debug|Any CPU.Build.0 = Debug|Any CPU
		{BB683A51-16D1-4455-A00E-B06EA7E9C39B}.Release|Any CPU.ActiveCfg = Release|Any CPU
		{BB683A51-16D1-4455-A00E-B06EA7E9C39B}.Release|Any CPU.Build.0 = Release|Any CPU
	EndGlobalSection
	GlobalSection(SolutionProperties) = preSolution
		HideSolutionNode = FALSE
	EndGlobalSection
	GlobalSection(ExtensibilityGlobals) = postSolution
		SolutionGuid = {33BB635E-F901-489B-A040-24A39CE05A69}
	EndGlobalSection
EndGlobal
